
Microsoft Visual Studio Solution File, Format Version 12.00
# Visual Studio Version 16
VisualStudioVersion = 16.0.30523.141
MinimumVisualStudioVersion = 10.0.40219.1
Project("{FAE04EC0-301F-11D3-BF4B-00C04F79EFBC}") = "OrderProcessing", "OrderProcessing.csproj", "{C2471CA9-73D7-4719-8F92-F8CEADDD1688}"
EndProject
Global
	GlobalSection(SolutionConfigurationPlatforms) = preSolution
		Debug|Any CPU = Debug|Any CPU
		Release|Any CPU = Release|Any CPU
	EndGlobalSection
	GlobalSection(ProjectConfigurationPlatforms) = postSolution
		{C2471CA9-73D7-4719-8F92-F8CEADDD1688}.Debug|Any CPU.ActiveCfg = Debug|Any CPU
		{C2471CA9-73D7-4719-8F92-F8CEADDD1688}.Debug|Any CPU.Build.0 = Debug|Any CPU
		{C2471CA9-73D7-4719-8F92-F8CEADDD1688}.Release|Any CPU.ActiveCfg = Release|Any CPU
		{C2471CA9-73D7-4719-8F92-F8CEADDD1688}.Release|Any CPU.Build.0 = Release|Any CPU
	EndGlobalSection
	GlobalSection(SolutionProperties) = preSolution
		HideSolutionNode = FALSE
	EndGlobalSection
	GlobalSection(ExtensibilityGlobals) = postSolution
		SolutionGuid = {C1658C48-A923-488C-8592-4D96D10C2C6B}
	EndGlobalSection
EndGlobal
